lockfileVersion: '9.0'

settings:
  autoInstallPeers: true
  excludeLinksFromLockfile: false

importers:

  .:
    dependencies:
      xstate:
        specifier: ^5.19.2
        version: 5.19.2

packages:

  xstate@5.19.2:
    resolution: {integrity: sha512-B8fL2aP0ogn5aviAXFzI5oZseAMqN00fg/TeDa3ZtatyDcViYLIfuQl4y8qmHCiKZgGEzmnTyNtNQL9oeJE2gw==}

snapshots:

  xstate@5.19.2: {}
